# THIS IS AN AUTOGENERATED FILE. DO NOT EDIT THIS FILE DIRECTLY.
# yarn lockfile v1


mithril@^2.3.4:
  version "2.3.4"
  resolved "https://registry.npmjs.org/mithril/-/mithril-2.3.4.tgz"
  integrity sha512-QHRqCJma2UfcxC4z107vVUKmb0n0q3o3Zy5T1qV8poeyz5lV9ZhMjnk7VAzmCPificyWJql2B/okjPaI5CVxKA==

tailwindcss@^4.1.11:
  version "4.1.11"
  resolved "https://registry.yarnpkg.com/tailwindcss/-/tailwindcss-4.1.11.tgz#799af3e98c19c5baaefafc6e0c16304a0e684854"
  integrity sha512-2E9TBm6MDD/xKYe+dvJZAmg3yxIEDNRc0jwlNyDg/4Fil2QcSLjFKGVff0lAf1jjeaArlG/M75Ey/EYr/OJtBA==
